
Microsoft Visual Studio Solution File, Format Version 12.00
# Visual Studio 15
VisualStudioVersion = 15.0.26228.4
MinimumVisualStudioVersion = 10.0.40219.1
Project("{FAE04EC0-301F-11D3-BF4B-00C04F79EFBC}") = "mook_GraphDesign", "mook_GraphDesign\mook_GraphDesign.csproj", "{836E57E0-7389-459F-8B1A-B19BDBEE09DF}"
EndProject
Project("{FAE04EC0-301F-11D3-BF4B-00C04F79EFBC}") = "mook_GraphCore", "mook_GraphCore\mook_GraphCore.csproj", "{5A5A22D3-10A1-4333-A864-8F5741A097AD}"
EndProject
Global
	GlobalSection(SolutionConfigurationPlatforms) = preSolution
		Debug|Any CPU = Debug|Any CPU
		Release|Any CPU = Release|Any CPU
	EndGlobalSection
	GlobalSection(ProjectConfigurationPlatforms) = postSolution
		{836E57E0-7389-459F-8B1A-B19BDBEE09DF}.Debug|Any CPU.ActiveCfg = Debug|Any CPU
		{836E57E0-7389-459F-8B1A-B19BDBEE09DF}.Debug|Any CPU.Build.0 = Debug|Any CPU
		{836E57E0-7389-459F-8B1A-B19BDBEE09DF}.Release|Any CPU.ActiveCfg = Release|Any CPU
		{836E57E0-7389-459F-8B1A-B19BDBEE09DF}.Release|Any CPU.Build.0 = Release|Any CPU
		{5A5A22D3-10A1-4333-A864-8F5741A097AD}.Debug|Any CPU.ActiveCfg = Debug|Any CPU
		{5A5A22D3-10A1-4333-A864-8F5741A097AD}.Debug|Any CPU.Build.0 = Debug|Any CPU
		{5A5A22D3-10A1-4333-A864-8F5741A097AD}.Release|Any CPU.ActiveCfg = Release|Any CPU
		{5A5A22D3-10A1-4333-A864-8F5741A097AD}.Release|Any CPU.Build.0 = Release|Any CPU
	EndGlobalSection
	GlobalSection(SolutionProperties) = preSolution
		HideSolutionNode = FALSE
	EndGlobalSection
EndGlobal
