
Microsoft Visual Studio Solution File, Format Version 12.00
# Visual Studio 15
VisualStudioVersion = 15.0.26228.4
MinimumVisualStudioVersion = 10.0.40219.1
Project("{FAE04EC0-301F-11D3-BF4B-00C04F79EFBC}") = "mook_NetFileSender", "mook_NetFileSender\mook_NetFileSender.csproj", "{8E9B3EA9-7C33-43B6-B525-48D9D3E2931B}"
EndProject
Project("{FAE04EC0-301F-11D3-BF4B-00C04F79EFBC}") = "mook_Packet", "mook_Packet\mook_Packet.csproj", "{BE27F9A8-46EF-4E81-9572-542EA353ECD8}"
EndProject
Global
	GlobalSection(SolutionConfigurationPlatforms) = preSolution
		Debug|Any CPU = Debug|Any CPU
		Release|Any CPU = Release|Any CPU
	EndGlobalSection
	GlobalSection(ProjectConfigurationPlatforms) = postSolution
		{8E9B3EA9-7C33-43B6-B525-48D9D3E2931B}.Debug|Any CPU.ActiveCfg = Debug|Any CPU
		{8E9B3EA9-7C33-43B6-B525-48D9D3E2931B}.Debug|Any CPU.Build.0 = Debug|Any CPU
		{8E9B3EA9-7C33-43B6-B525-48D9D3E2931B}.Release|Any CPU.ActiveCfg = Release|Any CPU
		{8E9B3EA9-7C33-43B6-B525-48D9D3E2931B}.Release|Any CPU.Build.0 = Release|Any CPU
		{BE27F9A8-46EF-4E81-9572-542EA353ECD8}.Debug|Any CPU.ActiveCfg = Debug|Any CPU
		{BE27F9A8-46EF-4E81-9572-542EA353ECD8}.Debug|Any CPU.Build.0 = Debug|Any CPU
		{BE27F9A8-46EF-4E81-9572-542EA353ECD8}.Release|Any CPU.ActiveCfg = Release|Any CPU
		{BE27F9A8-46EF-4E81-9572-542EA353ECD8}.Release|Any CPU.Build.0 = Release|Any CPU
	EndGlobalSection
	GlobalSection(SolutionProperties) = preSolution
		HideSolutionNode = FALSE
	EndGlobalSection
EndGlobal
