
Microsoft Visual Studio Solution File, Format Version 12.00
# Visual Studio 15
VisualStudioVersion = 15.0.26730.16
MinimumVisualStudioVersion = 10.0.40219.1
Project("{FAE04EC0-301F-11D3-BF4B-00C04F79EFBC}") = "mook_ConHello", "mook_ConHello\mook_ConHello.csproj", "{F0B8268B-2DA4-4A84-9B1F-8EB443173846}"
EndProject
Global
	GlobalSection(SolutionConfigurationPlatforms) = preSolution
		Debug|Any CPU = Debug|Any CPU
		Release|Any CPU = Release|Any CPU
	EndGlobalSection
	GlobalSection(ProjectConfigurationPlatforms) = postSolution
		{F0B8268B-2DA4-4A84-9B1F-8EB443173846}.Debug|Any CPU.ActiveCfg = Debug|Any CPU
		{F0B8268B-2DA4-4A84-9B1F-8EB443173846}.Debug|Any CPU.Build.0 = Debug|Any CPU
		{F0B8268B-2DA4-4A84-9B1F-8EB443173846}.Release|Any CPU.ActiveCfg = Release|Any CPU
		{F0B8268B-2DA4-4A84-9B1F-8EB443173846}.Release|Any CPU.Build.0 = Release|Any CPU
	EndGlobalSection
	GlobalSection(SolutionProperties) = preSolution
		HideSolutionNode = FALSE
	EndGlobalSection
	GlobalSection(ExtensibilityGlobals) = postSolution
		SolutionGuid = {43FDDB95-3AE7-40A6-8CDA-535A5B050980}
	EndGlobalSection
EndGlobal
