
Microsoft Visual Studio Solution File, Format Version 12.00
# Visual Studio Version 16
VisualStudioVersion = 16.0.29509.3
MinimumVisualStudioVersion = 10.0.40219.1
Project("{FAE04EC0-301F-11D3-BF4B-00C04F79EFBC}") = "Network01_BasicClass", "Network01_BasicClass\Network01_BasicClass.csproj", "{AC695134-84F4-4EB4-B244-F6D116D78F49}"
EndProject
Project("{FAE04EC0-301F-11D3-BF4B-00C04F79EFBC}") = "Network02_Server", "Network02_Server\Network02_Server.csproj", "{88387BE6-96FE-40F7-A46B-60D962F4842C}"
EndProject
Project("{FAE04EC0-301F-11D3-BF4B-00C04F79EFBC}") = "Network03_Client", "Network03_Client\Network03_Client.csproj", "{9047D6A5-8E9E-4DC4-86BB-6E8C4F9F0A09}"
EndProject
Project("{FAE04EC0-301F-11D3-BF4B-00C04F79EFBC}") = "ThreadReview", "ThreadReview\ThreadReview.csproj", "{B244B560-9000-4034-BE3E-F15CF0465616}"
EndProject
Global
	GlobalSection(SolutionConfigurationPlatforms) = preSolution
		Debug|Any CPU = Debug|Any CPU
		Release|Any CPU = Release|Any CPU
	EndGlobalSection
	GlobalSection(ProjectConfigurationPlatforms) = postSolution
		{AC695134-84F4-4EB4-B244-F6D116D78F49}.Debug|Any CPU.ActiveCfg = Debug|Any CPU
		{AC695134-84F4-4EB4-B244-F6D116D78F49}.Debug|Any CPU.Build.0 = Debug|Any CPU
		{AC695134-84F4-4EB4-B244-F6D116D78F49}.Release|Any CPU.ActiveCfg = Release|Any CPU
		{AC695134-84F4-4EB4-B244-F6D116D78F49}.Release|Any CPU.Build.0 = Release|Any CPU
		{88387BE6-96FE-40F7-A46B-60D962F4842C}.Debug|Any CPU.ActiveCfg = Debug|Any CPU
		{88387BE6-96FE-40F7-A46B-60D962F4842C}.Debug|Any CPU.Build.0 = Debug|Any CPU
		{88387BE6-96FE-40F7-A46B-60D962F4842C}.Release|Any CPU.ActiveCfg = Release|Any CPU
		{88387BE6-96FE-40F7-A46B-60D962F4842C}.Release|Any CPU.Build.0 = Release|Any CPU
		{9047D6A5-8E9E-4DC4-86BB-6E8C4F9F0A09}.Debug|Any CPU.ActiveCfg = Debug|Any CPU
		{9047D6A5-8E9E-4DC4-86BB-6E8C4F9F0A09}.Debug|Any CPU.Build.0 = Debug|Any CPU
		{9047D6A5-8E9E-4DC4-86BB-6E8C4F9F0A09}.Release|Any CPU.ActiveCfg = Release|Any CPU
		{9047D6A5-8E9E-4DC4-86BB-6E8C4F9F0A09}.Release|Any CPU.Build.0 = Release|Any CPU
		{B244B560-9000-4034-BE3E-F15CF0465616}.Debug|Any CPU.ActiveCfg = Debug|Any CPU
		{B244B560-9000-4034-BE3E-F15CF0465616}.Debug|Any CPU.Build.0 = Debug|Any CPU
		{B244B560-9000-4034-BE3E-F15CF0465616}.Release|Any CPU.ActiveCfg = Release|Any CPU
		{B244B560-9000-4034-BE3E-F15CF0465616}.Release|Any CPU.Build.0 = Release|Any CPU
	EndGlobalSection
	GlobalSection(SolutionProperties) = preSolution
		HideSolutionNode = FALSE
	EndGlobalSection
	GlobalSection(ExtensibilityGlobals) = postSolution
		SolutionGuid = {5967E61E-E1C1-4F1D-8F6B-32618B965ED1}
	EndGlobalSection
EndGlobal
