
Microsoft Visual Studio Solution File, Format Version 12.00
# Visual Studio 15
VisualStudioVersion = 15.0.26730.16
MinimumVisualStudioVersion = 10.0.40219.1
Project("{FAE04EC0-301F-11D3-BF4B-00C04F79EFBC}") = "mook_Image", "mook_Image\mook_Image.csproj", "{9F828663-CE9B-430C-BF9E-1B8FC3085131}"
EndProject
Global
	GlobalSection(SolutionConfigurationPlatforms) = preSolution
		Debug|Any CPU = Debug|Any CPU
		Release|Any CPU = Release|Any CPU
	EndGlobalSection
	GlobalSection(ProjectConfigurationPlatforms) = postSolution
		{9F828663-CE9B-430C-BF9E-1B8FC3085131}.Debug|Any CPU.ActiveCfg = Debug|Any CPU
		{9F828663-CE9B-430C-BF9E-1B8FC3085131}.Debug|Any CPU.Build.0 = Debug|Any CPU
		{9F828663-CE9B-430C-BF9E-1B8FC3085131}.Release|Any CPU.ActiveCfg = Release|Any CPU
		{9F828663-CE9B-430C-BF9E-1B8FC3085131}.Release|Any CPU.Build.0 = Release|Any CPU
	EndGlobalSection
	GlobalSection(SolutionProperties) = preSolution
		HideSolutionNode = FALSE
	EndGlobalSection
	GlobalSection(ExtensibilityGlobals) = postSolution
		SolutionGuid = {A727572A-49BF-4F74-AD08-2C7A3A20BF0B}
	EndGlobalSection
EndGlobal
