
Microsoft Visual Studio Solution File, Format Version 12.00
# Visual Studio Version 16
VisualStudioVersion = 16.0.29424.173
MinimumVisualStudioVersion = 10.0.40219.1
Project("{FAE04EC0-301F-11D3-BF4B-00C04F79EFBC}") = "WinForm01_CommandLine", "WinForm01_CommandLine\WinForm01_CommandLine.csproj", "{C8F95399-2AFD-43B2-9BDE-712D4D0446DA}"
EndProject
Global
	GlobalSection(SolutionConfigurationPlatforms) = preSolution
		Debug|Any CPU = Debug|Any CPU
		Release|Any CPU = Release|Any CPU
	EndGlobalSection
	GlobalSection(ProjectConfigurationPlatforms) = postSolution
		{C8F95399-2AFD-43B2-9BDE-712D4D0446DA}.Debug|Any CPU.ActiveCfg = Debug|Any CPU
		{C8F95399-2AFD-43B2-9BDE-712D4D0446DA}.Debug|Any CPU.Build.0 = Debug|Any CPU
		{C8F95399-2AFD-43B2-9BDE-712D4D0446DA}.Release|Any CPU.ActiveCfg = Release|Any CPU
		{C8F95399-2AFD-43B2-9BDE-712D4D0446DA}.Release|Any CPU.Build.0 = Release|Any CPU
	EndGlobalSection
	GlobalSection(SolutionProperties) = preSolution
		HideSolutionNode = FALSE
	EndGlobalSection
	GlobalSection(ExtensibilityGlobals) = postSolution
		SolutionGuid = {633CFAA2-D555-4419-964C-DC12F117AAB3}
	EndGlobalSection
EndGlobal
