
Microsoft Visual Studio Solution File, Format Version 12.00
# Visual Studio Version 16
VisualStudioVersion = 16.0.29409.12
MinimumVisualStudioVersion = 10.0.40219.1
Project("{FAE04EC0-301F-11D3-BF4B-00C04F79EFBC}") = "File01", "File01\File01.csproj", "{7493CC7A-F4F3-4CFE-ADDF-FDF59C4BC893}"
EndProject
Project("{FAE04EC0-301F-11D3-BF4B-00C04F79EFBC}") = "File02", "File02\File02.csproj", "{21B961AC-EDD0-47C8-B4BC-6F9760892F09}"
EndProject
Project("{FAE04EC0-301F-11D3-BF4B-00C04F79EFBC}") = "File03_Serialization", "File03_Serialization\File03_Serialization.csproj", "{A35CAF0C-0BE9-4193-ADBE-C12765092372}"
EndProject
Project("{FAE04EC0-301F-11D3-BF4B-00C04F79EFBC}") = "File04_StreamWriter", "File04_StreamWriter\File04_StreamWriter.csproj", "{7C658266-217A-47E2-AC71-B89FDAF87AA1}"
EndProject
Project("{FAE04EC0-301F-11D3-BF4B-00C04F79EFBC}") = "File05_Using", "File05_Using\File05_Using.csproj", "{C4AD0BB6-56EC-4626-840A-B31F6E0D6490}"
EndProject
Project("{FAE04EC0-301F-11D3-BF4B-00C04F79EFBC}") = "File06_Serialization", "File06_Serialization\File06_Serialization.csproj", "{571D6C57-A95C-4A3E-87E5-0B173D328F0C}"
EndProject
Project("{FAE04EC0-301F-11D3-BF4B-00C04F79EFBC}") = "File07_SerializationCollection", "File07_SerializationCollection\File07_SerializationCollection.csproj", "{C256E7D1-4FEB-41BE-BEF5-69BC7C2DD737}"
EndProject
Global
	GlobalSection(SolutionConfigurationPlatforms) = preSolution
		Debug|Any CPU = Debug|Any CPU
		Release|Any CPU = Release|Any CPU
	EndGlobalSection
	GlobalSection(ProjectConfigurationPlatforms) = postSolution
		{7493CC7A-F4F3-4CFE-ADDF-FDF59C4BC893}.Debug|Any CPU.ActiveCfg = Debug|Any CPU
		{7493CC7A-F4F3-4CFE-ADDF-FDF59C4BC893}.Debug|Any CPU.Build.0 = Debug|Any CPU
		{7493CC7A-F4F3-4CFE-ADDF-FDF59C4BC893}.Release|Any CPU.ActiveCfg = Release|Any CPU
		{7493CC7A-F4F3-4CFE-ADDF-FDF59C4BC893}.Release|Any CPU.Build.0 = Release|Any CPU
		{21B961AC-EDD0-47C8-B4BC-6F9760892F09}.Debug|Any CPU.ActiveCfg = Debug|Any CPU
		{21B961AC-EDD0-47C8-B4BC-6F9760892F09}.Debug|Any CPU.Build.0 = Debug|Any CPU
		{21B961AC-EDD0-47C8-B4BC-6F9760892F09}.Release|Any CPU.ActiveCfg = Release|Any CPU
		{21B961AC-EDD0-47C8-B4BC-6F9760892F09}.Release|Any CPU.Build.0 = Release|Any CPU
		{A35CAF0C-0BE9-4193-ADBE-C12765092372}.Debug|Any CPU.ActiveCfg = Debug|Any CPU
		{A35CAF0C-0BE9-4193-ADBE-C12765092372}.Debug|Any CPU.Build.0 = Debug|Any CPU
		{A35CAF0C-0BE9-4193-ADBE-C12765092372}.Release|Any CPU.ActiveCfg = Release|Any CPU
		{A35CAF0C-0BE9-4193-ADBE-C12765092372}.Release|Any CPU.Build.0 = Release|Any CPU
		{7C658266-217A-47E2-AC71-B89FDAF87AA1}.Debug|Any CPU.ActiveCfg = Debug|Any CPU
		{7C658266-217A-47E2-AC71-B89FDAF87AA1}.Debug|Any CPU.Build.0 = Debug|Any CPU
		{7C658266-217A-47E2-AC71-B89FDAF87AA1}.Release|Any CPU.ActiveCfg = Release|Any CPU
		{7C658266-217A-47E2-AC71-B89FDAF87AA1}.Release|Any CPU.Build.0 = Release|Any CPU
		{C4AD0BB6-56EC-4626-840A-B31F6E0D6490}.Debug|Any CPU.ActiveCfg = Debug|Any CPU
		{C4AD0BB6-56EC-4626-840A-B31F6E0D6490}.Debug|Any CPU.Build.0 = Debug|Any CPU
		{C4AD0BB6-56EC-4626-840A-B31F6E0D6490}.Release|Any CPU.ActiveCfg = Release|Any CPU
		{C4AD0BB6-56EC-4626-840A-B31F6E0D6490}.Release|Any CPU.Build.0 = Release|Any CPU
		{571D6C57-A95C-4A3E-87E5-0B173D328F0C}.Debug|Any CPU.ActiveCfg = Debug|Any CPU
		{571D6C57-A95C-4A3E-87E5-0B173D328F0C}.Debug|Any CPU.Build.0 = Debug|Any CPU
		{571D6C57-A95C-4A3E-87E5-0B173D328F0C}.Release|Any CPU.ActiveCfg = Release|Any CPU
		{571D6C57-A95C-4A3E-87E5-0B173D328F0C}.Release|Any CPU.Build.0 = Release|Any CPU
		{C256E7D1-4FEB-41BE-BEF5-69BC7C2DD737}.Debug|Any CPU.ActiveCfg = Debug|Any CPU
		{C256E7D1-4FEB-41BE-BEF5-69BC7C2DD737}.Debug|Any CPU.Build.0 = Debug|Any CPU
		{C256E7D1-4FEB-41BE-BEF5-69BC7C2DD737}.Release|Any CPU.ActiveCfg = Release|Any CPU
		{C256E7D1-4FEB-41BE-BEF5-69BC7C2DD737}.Release|Any CPU.Build.0 = Release|Any CPU
	EndGlobalSection
	GlobalSection(SolutionProperties) = preSolution
		HideSolutionNode = FALSE
	EndGlobalSection
	GlobalSection(ExtensibilityGlobals) = postSolution
		SolutionGuid = {C1F8F51F-C656-4FCD-AAEB-A64BA0909756}
	EndGlobalSection
EndGlobal
