
Microsoft Visual Studio Solution File, Format Version 12.00
# Visual Studio Version 16
VisualStudioVersion = 16.0.29409.12
MinimumVisualStudioVersion = 10.0.40219.1
Project("{FAE04EC0-301F-11D3-BF4B-00C04F79EFBC}") = "Thread01", "Thread01\Thread01.csproj", "{3B168C31-9A25-4084-8109-A9128A31CE77}"
EndProject
Global
	GlobalSection(SolutionConfigurationPlatforms) = preSolution
		Debug|Any CPU = Debug|Any CPU
		Release|Any CPU = Release|Any CPU
	EndGlobalSection
	GlobalSection(ProjectConfigurationPlatforms) = postSolution
		{3B168C31-9A25-4084-8109-A9128A31CE77}.Debug|Any CPU.ActiveCfg = Debug|Any CPU
		{3B168C31-9A25-4084-8109-A9128A31CE77}.Debug|Any CPU.Build.0 = Debug|Any CPU
		{3B168C31-9A25-4084-8109-A9128A31CE77}.Release|Any CPU.ActiveCfg = Release|Any CPU
		{3B168C31-9A25-4084-8109-A9128A31CE77}.Release|Any CPU.Build.0 = Release|Any CPU
	EndGlobalSection
	GlobalSection(SolutionProperties) = preSolution
		HideSolutionNode = FALSE
	EndGlobalSection
	GlobalSection(ExtensibilityGlobals) = postSolution
		SolutionGuid = {605A4C10-CE78-4281-8146-CAD9EB2CDAD4}
	EndGlobalSection
EndGlobal
