
Microsoft Visual Studio Solution File, Format Version 12.00
# Visual Studio Version 16
VisualStudioVersion = 16.0.29326.143
MinimumVisualStudioVersion = 10.0.40219.1
Project("{FAE04EC0-301F-11D3-BF4B-00C04F79EFBC}") = "Lambda01", "Lambda01\Lambda01.csproj", "{4CE1E8A5-9E0C-40CA-B352-191F302101AD}"
EndProject
Project("{FAE04EC0-301F-11D3-BF4B-00C04F79EFBC}") = "Lambda02_FuncAction", "Lambda02_FuncAction\Lambda02_FuncAction.csproj", "{72EC555C-73DA-45D7-A1F3-3A91D9428C1A}"
EndProject
Project("{FAE04EC0-301F-11D3-BF4B-00C04F79EFBC}") = "Lambda03_ExpressionMember", "Lambda03_ExpressionMember\Lambda03_ExpressionMember.csproj", "{34D30648-E75E-479E-8246-379166B1A694}"
EndProject
Global
	GlobalSection(SolutionConfigurationPlatforms) = preSolution
		Debug|Any CPU = Debug|Any CPU
		Release|Any CPU = Release|Any CPU
	EndGlobalSection
	GlobalSection(ProjectConfigurationPlatforms) = postSolution
		{4CE1E8A5-9E0C-40CA-B352-191F302101AD}.Debug|Any CPU.ActiveCfg = Debug|Any CPU
		{4CE1E8A5-9E0C-40CA-B352-191F302101AD}.Debug|Any CPU.Build.0 = Debug|Any CPU
		{4CE1E8A5-9E0C-40CA-B352-191F302101AD}.Release|Any CPU.ActiveCfg = Release|Any CPU
		{4CE1E8A5-9E0C-40CA-B352-191F302101AD}.Release|Any CPU.Build.0 = Release|Any CPU
		{72EC555C-73DA-45D7-A1F3-3A91D9428C1A}.Debug|Any CPU.ActiveCfg = Debug|Any CPU
		{72EC555C-73DA-45D7-A1F3-3A91D9428C1A}.Debug|Any CPU.Build.0 = Debug|Any CPU
		{72EC555C-73DA-45D7-A1F3-3A91D9428C1A}.Release|Any CPU.ActiveCfg = Release|Any CPU
		{72EC555C-73DA-45D7-A1F3-3A91D9428C1A}.Release|Any CPU.Build.0 = Release|Any CPU
		{34D30648-E75E-479E-8246-379166B1A694}.Debug|Any CPU.ActiveCfg = Debug|Any CPU
		{34D30648-E75E-479E-8246-379166B1A694}.Debug|Any CPU.Build.0 = Debug|Any CPU
		{34D30648-E75E-479E-8246-379166B1A694}.Release|Any CPU.ActiveCfg = Release|Any CPU
		{34D30648-E75E-479E-8246-379166B1A694}.Release|Any CPU.Build.0 = Release|Any CPU
	EndGlobalSection
	GlobalSection(SolutionProperties) = preSolution
		HideSolutionNode = FALSE
	EndGlobalSection
	GlobalSection(ExtensibilityGlobals) = postSolution
		SolutionGuid = {B1A4314C-DC91-4844-B385-AC8DFA8F5DE6}
	EndGlobalSection
EndGlobal
