
Microsoft Visual Studio Solution File, Format Version 12.00
# Visual Studio Version 16
VisualStudioVersion = 16.0.29409.12
MinimumVisualStudioVersion = 10.0.40219.1
Project("{FAE04EC0-301F-11D3-BF4B-00C04F79EFBC}") = "WinForm01_CommandLine", "WinForm01_CommandLine\WinForm01_CommandLine.csproj", "{2E397080-B130-4F54-9B8F-D2EA06573319}"
EndProject
Project("{FAE04EC0-301F-11D3-BF4B-00C04F79EFBC}") = "WinForm02_HelloWorld", "WinForm02_HelloWorld\WinForm02_HelloWorld.csproj", "{AB73AF2C-B974-46B8-A165-C0AD0B609E60}"
EndProject
Project("{FAE04EC0-301F-11D3-BF4B-00C04F79EFBC}") = "WinForm03_TextBox", "WinForm03_TextBox\WinForm03_TextBox.csproj", "{DD395A6C-E482-4094-A5BA-964EBD0E4E53}"
EndProject
Project("{FAE04EC0-301F-11D3-BF4B-00C04F79EFBC}") = "WinForm04_MessageBox", "WinForm04_MessageBox\WinForm04_MessageBox.csproj", "{FD7C7A9A-92E3-43E4-86B4-105035630B74}"
EndProject
Project("{FAE04EC0-301F-11D3-BF4B-00C04F79EFBC}") = "WinForm05_ComboBox", "WinForm05_ComboBox\WinForm05_ComboBox.csproj", "{8DE977E7-5661-47D0-ACFF-F028AB7C1FE4}"
EndProject
Project("{FAE04EC0-301F-11D3-BF4B-00C04F79EFBC}") = "WinForm06_Timer", "WinForm06_Timer\WinForm06_Timer.csproj", "{5B875D09-1E59-4D36-82D1-75551639A92C}"
EndProject
Project("{FAE04EC0-301F-11D3-BF4B-00C04F79EFBC}") = "WinForm07_ProgressBar", "WinForm07_ProgressBar\WinForm07_ProgressBar.csproj", "{86775D60-1F8F-497B-9E26-B155F2FEC312}"
EndProject
Project("{FAE04EC0-301F-11D3-BF4B-00C04F79EFBC}") = "WinForm08_TextBook", "WinForm08_TextBook\WinForm08_TextBook.csproj", "{157BA1BB-6DC4-404D-B865-3ACBBC134F35}"
EndProject
Project("{FAE04EC0-301F-11D3-BF4B-00C04F79EFBC}") = "WinForm08_MenuAndTap", "WinForm08_MenuAndTap\WinForm08_MenuAndTap.csproj", "{3263E368-0A33-40D6-AD68-4F5D223A7B29}"
EndProject
Project("{FAE04EC0-301F-11D3-BF4B-00C04F79EFBC}") = "WinForm09_ListView", "WinForm09_ListView\WinForm09_ListView.csproj", "{39EDFD09-8FD5-4812-94F9-97E5612DDD3C}"
EndProject
Project("{FAE04EC0-301F-11D3-BF4B-00C04F79EFBC}") = "WinForm10_DialogBox", "WinForm10_DialogBox\WinForm10_DialogBox.csproj", "{09686750-DDF8-4B7B-AAE1-06C5BA1C4928}"
EndProject
Project("{FAE04EC0-301F-11D3-BF4B-00C04F79EFBC}") = "WinForm11_FileDialog", "WinForm11_FileDialog\WinForm11_FileDialog.csproj", "{9E8C9535-856A-4149-966F-2987B10F97E2}"
EndProject
Global
	GlobalSection(SolutionConfigurationPlatforms) = preSolution
		Debug|Any CPU = Debug|Any CPU
		Release|Any CPU = Release|Any CPU
	EndGlobalSection
	GlobalSection(ProjectConfigurationPlatforms) = postSolution
		{2E397080-B130-4F54-9B8F-D2EA06573319}.Debug|Any CPU.ActiveCfg = Debug|Any CPU
		{2E397080-B130-4F54-9B8F-D2EA06573319}.Debug|Any CPU.Build.0 = Debug|Any CPU
		{2E397080-B130-4F54-9B8F-D2EA06573319}.Release|Any CPU.ActiveCfg = Release|Any CPU
		{2E397080-B130-4F54-9B8F-D2EA06573319}.Release|Any CPU.Build.0 = Release|Any CPU
		{AB73AF2C-B974-46B8-A165-C0AD0B609E60}.Debug|Any CPU.ActiveCfg = Debug|Any CPU
		{AB73AF2C-B974-46B8-A165-C0AD0B609E60}.Debug|Any CPU.Build.0 = Debug|Any CPU
		{AB73AF2C-B974-46B8-A165-C0AD0B609E60}.Release|Any CPU.ActiveCfg = Release|Any CPU
		{AB73AF2C-B974-46B8-A165-C0AD0B609E60}.Release|Any CPU.Build.0 = Release|Any CPU
		{DD395A6C-E482-4094-A5BA-964EBD0E4E53}.Debug|Any CPU.ActiveCfg = Debug|Any CPU
		{DD395A6C-E482-4094-A5BA-964EBD0E4E53}.Debug|Any CPU.Build.0 = Debug|Any CPU
		{DD395A6C-E482-4094-A5BA-964EBD0E4E53}.Release|Any CPU.ActiveCfg = Release|Any CPU
		{DD395A6C-E482-4094-A5BA-964EBD0E4E53}.Release|Any CPU.Build.0 = Release|Any CPU
		{FD7C7A9A-92E3-43E4-86B4-105035630B74}.Debug|Any CPU.ActiveCfg = Debug|Any CPU
		{FD7C7A9A-92E3-43E4-86B4-105035630B74}.Debug|Any CPU.Build.0 = Debug|Any CPU
		{FD7C7A9A-92E3-43E4-86B4-105035630B74}.Release|Any CPU.ActiveCfg = Release|Any CPU
		{FD7C7A9A-92E3-43E4-86B4-105035630B74}.Release|Any CPU.Build.0 = Release|Any CPU
		{8DE977E7-5661-47D0-ACFF-F028AB7C1FE4}.Debug|Any CPU.ActiveCfg = Debug|Any CPU
		{8DE977E7-5661-47D0-ACFF-F028AB7C1FE4}.Debug|Any CPU.Build.0 = Debug|Any CPU
		{8DE977E7-5661-47D0-ACFF-F028AB7C1FE4}.Release|Any CPU.ActiveCfg = Release|Any CPU
		{8DE977E7-5661-47D0-ACFF-F028AB7C1FE4}.Release|Any CPU.Build.0 = Release|Any CPU
		{5B875D09-1E59-4D36-82D1-75551639A92C}.Debug|Any CPU.ActiveCfg = Debug|Any CPU
		{5B875D09-1E59-4D36-82D1-75551639A92C}.Debug|Any CPU.Build.0 = Debug|Any CPU
		{5B875D09-1E59-4D36-82D1-75551639A92C}.Release|Any CPU.ActiveCfg = Release|Any CPU
		{5B875D09-1E59-4D36-82D1-75551639A92C}.Release|Any CPU.Build.0 = Release|Any CPU
		{86775D60-1F8F-497B-9E26-B155F2FEC312}.Debug|Any CPU.ActiveCfg = Debug|Any CPU
		{86775D60-1F8F-497B-9E26-B155F2FEC312}.Debug|Any CPU.Build.0 = Debug|Any CPU
		{86775D60-1F8F-497B-9E26-B155F2FEC312}.Release|Any CPU.ActiveCfg = Release|Any CPU
		{86775D60-1F8F-497B-9E26-B155F2FEC312}.Release|Any CPU.Build.0 = Release|Any CPU
		{157BA1BB-6DC4-404D-B865-3ACBBC134F35}.Debug|Any CPU.ActiveCfg = Debug|Any CPU
		{157BA1BB-6DC4-404D-B865-3ACBBC134F35}.Debug|Any CPU.Build.0 = Debug|Any CPU
		{157BA1BB-6DC4-404D-B865-3ACBBC134F35}.Release|Any CPU.ActiveCfg = Release|Any CPU
		{157BA1BB-6DC4-404D-B865-3ACBBC134F35}.Release|Any CPU.Build.0 = Release|Any CPU
		{3263E368-0A33-40D6-AD68-4F5D223A7B29}.Debug|Any CPU.ActiveCfg = Debug|Any CPU
		{3263E368-0A33-40D6-AD68-4F5D223A7B29}.Debug|Any CPU.Build.0 = Debug|Any CPU
		{3263E368-0A33-40D6-AD68-4F5D223A7B29}.Release|Any CPU.ActiveCfg = Release|Any CPU
		{3263E368-0A33-40D6-AD68-4F5D223A7B29}.Release|Any CPU.Build.0 = Release|Any CPU
		{39EDFD09-8FD5-4812-94F9-97E5612DDD3C}.Debug|Any CPU.ActiveCfg = Debug|Any CPU
		{39EDFD09-8FD5-4812-94F9-97E5612DDD3C}.Debug|Any CPU.Build.0 = Debug|Any CPU
		{39EDFD09-8FD5-4812-94F9-97E5612DDD3C}.Release|Any CPU.ActiveCfg = Release|Any CPU
		{39EDFD09-8FD5-4812-94F9-97E5612DDD3C}.Release|Any CPU.Build.0 = Release|Any CPU
		{09686750-DDF8-4B7B-AAE1-06C5BA1C4928}.Debug|Any CPU.ActiveCfg = Debug|Any CPU
		{09686750-DDF8-4B7B-AAE1-06C5BA1C4928}.Debug|Any CPU.Build.0 = Debug|Any CPU
		{09686750-DDF8-4B7B-AAE1-06C5BA1C4928}.Release|Any CPU.ActiveCfg = Release|Any CPU
		{09686750-DDF8-4B7B-AAE1-06C5BA1C4928}.Release|Any CPU.Build.0 = Release|Any CPU
		{9E8C9535-856A-4149-966F-2987B10F97E2}.Debug|Any CPU.ActiveCfg = Debug|Any CPU
		{9E8C9535-856A-4149-966F-2987B10F97E2}.Debug|Any CPU.Build.0 = Debug|Any CPU
		{9E8C9535-856A-4149-966F-2987B10F97E2}.Release|Any CPU.ActiveCfg = Release|Any CPU
		{9E8C9535-856A-4149-966F-2987B10F97E2}.Release|Any CPU.Build.0 = Release|Any CPU
	EndGlobalSection
	GlobalSection(SolutionProperties) = preSolution
		HideSolutionNode = FALSE
	EndGlobalSection
	GlobalSection(ExtensibilityGlobals) = postSolution
		SolutionGuid = {9B7420F8-6377-4461-BAB6-BAE44CE35947}
	EndGlobalSection
EndGlobal
