
Microsoft Visual Studio Solution File, Format Version 12.00
# Visual Studio Version 16
VisualStudioVersion = 16.0.29215.179
MinimumVisualStudioVersion = 10.0.40219.1
Project("{FAE04EC0-301F-11D3-BF4B-00C04F79EFBC}") = "SwitchCase", "SwitchCast\SwitchCase.csproj", "{D102DC84-8270-45DC-A59D-50A6DE2621B6}"
EndProject
Project("{FAE04EC0-301F-11D3-BF4B-00C04F79EFBC}") = "BreakAndContinue", "BreakAndContinue\BreakAndContinue.csproj", "{2B35D131-8800-4CF3-BFD9-7FC0DF8B114F}"
EndProject
Project("{FAE04EC0-301F-11D3-BF4B-00C04F79EFBC}") = "GoTo", "GoTo\GoTo.csproj", "{435CA557-FC63-42DF-A69E-429F0AFD67C1}"
EndProject
Global
	GlobalSection(SolutionConfigurationPlatforms) = preSolution
		Debug|Any CPU = Debug|Any CPU
		Release|Any CPU = Release|Any CPU
	EndGlobalSection
	GlobalSection(ProjectConfigurationPlatforms) = postSolution
		{D102DC84-8270-45DC-A59D-50A6DE2621B6}.Debug|Any CPU.ActiveCfg = Debug|Any CPU
		{D102DC84-8270-45DC-A59D-50A6DE2621B6}.Debug|Any CPU.Build.0 = Debug|Any CPU
		{D102DC84-8270-45DC-A59D-50A6DE2621B6}.Release|Any CPU.ActiveCfg = Release|Any CPU
		{D102DC84-8270-45DC-A59D-50A6DE2621B6}.Release|Any CPU.Build.0 = Release|Any CPU
		{2B35D131-8800-4CF3-BFD9-7FC0DF8B114F}.Debug|Any CPU.ActiveCfg = Debug|Any CPU
		{2B35D131-8800-4CF3-BFD9-7FC0DF8B114F}.Debug|Any CPU.Build.0 = Debug|Any CPU
		{2B35D131-8800-4CF3-BFD9-7FC0DF8B114F}.Release|Any CPU.ActiveCfg = Release|Any CPU
		{2B35D131-8800-4CF3-BFD9-7FC0DF8B114F}.Release|Any CPU.Build.0 = Release|Any CPU
		{435CA557-FC63-42DF-A69E-429F0AFD67C1}.Debug|Any CPU.ActiveCfg = Debug|Any CPU
		{435CA557-FC63-42DF-A69E-429F0AFD67C1}.Debug|Any CPU.Build.0 = Debug|Any CPU
		{435CA557-FC63-42DF-A69E-429F0AFD67C1}.Release|Any CPU.ActiveCfg = Release|Any CPU
		{435CA557-FC63-42DF-A69E-429F0AFD67C1}.Release|Any CPU.Build.0 = Release|Any CPU
	EndGlobalSection
	GlobalSection(SolutionProperties) = preSolution
		HideSolutionNode = FALSE
	EndGlobalSection
	GlobalSection(ExtensibilityGlobals) = postSolution
		SolutionGuid = {280A6650-1C67-4645-8351-2038B91BF882}
	EndGlobalSection
EndGlobal
