
Microsoft Visual Studio Solution File, Format Version 12.00
# Visual Studio 15
VisualStudioVersion = 15.0.26730.16
MinimumVisualStudioVersion = 10.0.40219.1
Project("{FAE04EC0-301F-11D3-BF4B-00C04F79EFBC}") = "mook_RBMsg", "mook_RBMsg\mook_RBMsg.csproj", "{0D978EB7-87EB-4793-80CE-09D00CAA9985}"
EndProject
Global
	GlobalSection(SolutionConfigurationPlatforms) = preSolution
		Debug|Any CPU = Debug|Any CPU
		Release|Any CPU = Release|Any CPU
	EndGlobalSection
	GlobalSection(ProjectConfigurationPlatforms) = postSolution
		{0D978EB7-87EB-4793-80CE-09D00CAA9985}.Debug|Any CPU.ActiveCfg = Debug|Any CPU
		{0D978EB7-87EB-4793-80CE-09D00CAA9985}.Debug|Any CPU.Build.0 = Debug|Any CPU
		{0D978EB7-87EB-4793-80CE-09D00CAA9985}.Release|Any CPU.ActiveCfg = Release|Any CPU
		{0D978EB7-87EB-4793-80CE-09D00CAA9985}.Release|Any CPU.Build.0 = Release|Any CPU
	EndGlobalSection
	GlobalSection(SolutionProperties) = preSolution
		HideSolutionNode = FALSE
	EndGlobalSection
	GlobalSection(ExtensibilityGlobals) = postSolution
		SolutionGuid = {588E87BB-9CA6-4257-A8D4-E905E5969A18}
	EndGlobalSection
EndGlobal
