
Microsoft Visual Studio Solution File, Format Version 12.00
# Visual Studio Version 16
VisualStudioVersion = 16.0.29326.143
MinimumVisualStudioVersion = 10.0.40219.1
Project("{FAE04EC0-301F-11D3-BF4B-00C04F79EFBC}") = "Lambda01", "Lambda01\Lambda01.csproj", "{A7848F89-6AE0-471D-B284-59968887F086}"
EndProject
Project("{FAE04EC0-301F-11D3-BF4B-00C04F79EFBC}") = "Lambda02_FuncAction", "Lambda02_FuncAction\Lambda02_FuncAction.csproj", "{E88F7A93-09E5-40C2-8DEC-8387725F6276}"
EndProject
Project("{FAE04EC0-301F-11D3-BF4B-00C04F79EFBC}") = "Lambda03_ExpressionMember", "Lambda03_ExpressionMember\Lambda03_ExpressionMember.csproj", "{006F1748-B129-4128-964A-8E91C927C3D9}"
EndProject
Global
	GlobalSection(SolutionConfigurationPlatforms) = preSolution
		Debug|Any CPU = Debug|Any CPU
		Release|Any CPU = Release|Any CPU
	EndGlobalSection
	GlobalSection(ProjectConfigurationPlatforms) = postSolution
		{A7848F89-6AE0-471D-B284-59968887F086}.Debug|Any CPU.ActiveCfg = Debug|Any CPU
		{A7848F89-6AE0-471D-B284-59968887F086}.Debug|Any CPU.Build.0 = Debug|Any CPU
		{A7848F89-6AE0-471D-B284-59968887F086}.Release|Any CPU.ActiveCfg = Release|Any CPU
		{A7848F89-6AE0-471D-B284-59968887F086}.Release|Any CPU.Build.0 = Release|Any CPU
		{E88F7A93-09E5-40C2-8DEC-8387725F6276}.Debug|Any CPU.ActiveCfg = Debug|Any CPU
		{E88F7A93-09E5-40C2-8DEC-8387725F6276}.Debug|Any CPU.Build.0 = Debug|Any CPU
		{E88F7A93-09E5-40C2-8DEC-8387725F6276}.Release|Any CPU.ActiveCfg = Release|Any CPU
		{E88F7A93-09E5-40C2-8DEC-8387725F6276}.Release|Any CPU.Build.0 = Release|Any CPU
		{006F1748-B129-4128-964A-8E91C927C3D9}.Debug|Any CPU.ActiveCfg = Debug|Any CPU
		{006F1748-B129-4128-964A-8E91C927C3D9}.Debug|Any CPU.Build.0 = Debug|Any CPU
		{006F1748-B129-4128-964A-8E91C927C3D9}.Release|Any CPU.ActiveCfg = Release|Any CPU
		{006F1748-B129-4128-964A-8E91C927C3D9}.Release|Any CPU.Build.0 = Release|Any CPU
	EndGlobalSection
	GlobalSection(SolutionProperties) = preSolution
		HideSolutionNode = FALSE
	EndGlobalSection
	GlobalSection(ExtensibilityGlobals) = postSolution
		SolutionGuid = {3C04D798-3B9D-4F86-B1D7-4A805D63030A}
	EndGlobalSection
EndGlobal
