
Microsoft Visual Studio Solution File, Format Version 12.00
# Visual Studio 15
VisualStudioVersion = 15.0.26730.16
MinimumVisualStudioVersion = 10.0.40219.1
Project("{FAE04EC0-301F-11D3-BF4B-00C04F79EFBC}") = "mook_FileRW", "mook_FileRW\mook_FileRW.csproj", "{7D823CEF-4474-4DBB-92C2-6199D39CF59D}"
EndProject
Global
	GlobalSection(SolutionConfigurationPlatforms) = preSolution
		Debug|Any CPU = Debug|Any CPU
		Release|Any CPU = Release|Any CPU
	EndGlobalSection
	GlobalSection(ProjectConfigurationPlatforms) = postSolution
		{7D823CEF-4474-4DBB-92C2-6199D39CF59D}.Debug|Any CPU.ActiveCfg = Debug|Any CPU
		{7D823CEF-4474-4DBB-92C2-6199D39CF59D}.Debug|Any CPU.Build.0 = Debug|Any CPU
		{7D823CEF-4474-4DBB-92C2-6199D39CF59D}.Release|Any CPU.ActiveCfg = Release|Any CPU
		{7D823CEF-4474-4DBB-92C2-6199D39CF59D}.Release|Any CPU.Build.0 = Release|Any CPU
	EndGlobalSection
	GlobalSection(SolutionProperties) = preSolution
		HideSolutionNode = FALSE
	EndGlobalSection
	GlobalSection(ExtensibilityGlobals) = postSolution
		SolutionGuid = {714EE665-754F-4EC3-B4A3-4BC1F07CE4CA}
	EndGlobalSection
EndGlobal
