
Microsoft Visual Studio Solution File, Format Version 12.00
# Visual Studio Version 16
VisualStudioVersion = 16.0.29503.13
MinimumVisualStudioVersion = 10.0.40219.1
Project("{FAE04EC0-301F-11D3-BF4B-00C04F79EFBC}") = "WinFormDB01", "WinFormDB01\WinFormDB01.csproj", "{EC1D8EE2-0696-4293-9E3A-F7C990B0BC4A}"
EndProject
Project("{FAE04EC0-301F-11D3-BF4B-00C04F79EFBC}") = "WinFormDB02", "WinFormDB02\WinFormDB02.csproj", "{FC706F43-4E82-4449-9DC9-F6739CE71C9A}"
EndProject
Project("{FAE04EC0-301F-11D3-BF4B-00C04F79EFBC}") = "WinFormDB03_CRUD", "WinFormDB03_CRUD\WinFormDB03_CRUD.csproj", "{193C71B7-993F-447B-85CD-7D4CEB0A3C22}"
EndProject
Project("{FAE04EC0-301F-11D3-BF4B-00C04F79EFBC}") = "WinFormDB01_MySqlCommand", "WinFormDB01_MySqlCommand\WinFormDB01_MySqlCommand.csproj", "{DA0A02BF-21BF-45AF-BAC4-81B2739F146E}"
EndProject
Project("{FAE04EC0-301F-11D3-BF4B-00C04F79EFBC}") = "DB02", "DB02\DB02.csproj", "{E4F2C108-4C24-4E1C-AB20-FE7A964F320A}"
EndProject
Project("{FAE04EC0-301F-11D3-BF4B-00C04F79EFBC}") = "WinFormDB_SIUD", "WinFormDB_SIUD\WinFormDB_SIUD.csproj", "{0DC29A09-150C-4115-9019-E7E4FCD4D1DB}"
EndProject
Project("{FAE04EC0-301F-11D3-BF4B-00C04F79EFBC}") = "WinFormDB04_SIUD", "WinFormDB04_SIUD\WinFormDB04_SIUD.csproj", "{960AF4BE-A798-432F-B194-2B5274160FDF}"
EndProject
Project("{FAE04EC0-301F-11D3-BF4B-00C04F79EFBC}") = "WinFormDB05_DataTable", "WinFormDB05_DataTable\WinFormDB05_DataTable.csproj", "{9F524C06-1869-4B23-8D25-2E8BFD3D6DFE}"
EndProject
Project("{FAE04EC0-301F-11D3-BF4B-00C04F79EFBC}") = "WinFormDB06_DataTable", "WinFormDB06_DataTable\WinFormDB06_DataTable.csproj", "{4B71894E-0204-4A37-830B-7CA2F89B7DED}"
EndProject
Project("{FAE04EC0-301F-11D3-BF4B-00C04F79EFBC}") = "WinFormDB07_DataSet", "WinFormDB07_DataSet\WinFormDB07_DataSet.csproj", "{8AAAB36A-431E-40E5-9FF2-A43207A14F45}"
EndProject
Global
	GlobalSection(SolutionConfigurationPlatforms) = preSolution
		Debug|Any CPU = Debug|Any CPU
		Release|Any CPU = Release|Any CPU
	EndGlobalSection
	GlobalSection(ProjectConfigurationPlatforms) = postSolution
		{EC1D8EE2-0696-4293-9E3A-F7C990B0BC4A}.Debug|Any CPU.ActiveCfg = Debug|Any CPU
		{EC1D8EE2-0696-4293-9E3A-F7C990B0BC4A}.Debug|Any CPU.Build.0 = Debug|Any CPU
		{EC1D8EE2-0696-4293-9E3A-F7C990B0BC4A}.Release|Any CPU.ActiveCfg = Release|Any CPU
		{EC1D8EE2-0696-4293-9E3A-F7C990B0BC4A}.Release|Any CPU.Build.0 = Release|Any CPU
		{FC706F43-4E82-4449-9DC9-F6739CE71C9A}.Debug|Any CPU.ActiveCfg = Debug|Any CPU
		{FC706F43-4E82-4449-9DC9-F6739CE71C9A}.Debug|Any CPU.Build.0 = Debug|Any CPU
		{FC706F43-4E82-4449-9DC9-F6739CE71C9A}.Release|Any CPU.ActiveCfg = Release|Any CPU
		{FC706F43-4E82-4449-9DC9-F6739CE71C9A}.Release|Any CPU.Build.0 = Release|Any CPU
		{193C71B7-993F-447B-85CD-7D4CEB0A3C22}.Debug|Any CPU.ActiveCfg = Debug|Any CPU
		{193C71B7-993F-447B-85CD-7D4CEB0A3C22}.Debug|Any CPU.Build.0 = Debug|Any CPU
		{193C71B7-993F-447B-85CD-7D4CEB0A3C22}.Release|Any CPU.ActiveCfg = Release|Any CPU
		{193C71B7-993F-447B-85CD-7D4CEB0A3C22}.Release|Any CPU.Build.0 = Release|Any CPU
		{DA0A02BF-21BF-45AF-BAC4-81B2739F146E}.Debug|Any CPU.ActiveCfg = Debug|Any CPU
		{DA0A02BF-21BF-45AF-BAC4-81B2739F146E}.Debug|Any CPU.Build.0 = Debug|Any CPU
		{DA0A02BF-21BF-45AF-BAC4-81B2739F146E}.Release|Any CPU.ActiveCfg = Release|Any CPU
		{DA0A02BF-21BF-45AF-BAC4-81B2739F146E}.Release|Any CPU.Build.0 = Release|Any CPU
		{E4F2C108-4C24-4E1C-AB20-FE7A964F320A}.Debug|Any CPU.ActiveCfg = Debug|Any CPU
		{E4F2C108-4C24-4E1C-AB20-FE7A964F320A}.Debug|Any CPU.Build.0 = Debug|Any CPU
		{E4F2C108-4C24-4E1C-AB20-FE7A964F320A}.Release|Any CPU.ActiveCfg = Release|Any CPU
		{E4F2C108-4C24-4E1C-AB20-FE7A964F320A}.Release|Any CPU.Build.0 = Release|Any CPU
		{0DC29A09-150C-4115-9019-E7E4FCD4D1DB}.Debug|Any CPU.ActiveCfg = Debug|Any CPU
		{0DC29A09-150C-4115-9019-E7E4FCD4D1DB}.Debug|Any CPU.Build.0 = Debug|Any CPU
		{0DC29A09-150C-4115-9019-E7E4FCD4D1DB}.Release|Any CPU.ActiveCfg = Release|Any CPU
		{0DC29A09-150C-4115-9019-E7E4FCD4D1DB}.Release|Any CPU.Build.0 = Release|Any CPU
		{960AF4BE-A798-432F-B194-2B5274160FDF}.Debug|Any CPU.ActiveCfg = Debug|Any CPU
		{960AF4BE-A798-432F-B194-2B5274160FDF}.Debug|Any CPU.Build.0 = Debug|Any CPU
		{960AF4BE-A798-432F-B194-2B5274160FDF}.Release|Any CPU.ActiveCfg = Release|Any CPU
		{960AF4BE-A798-432F-B194-2B5274160FDF}.Release|Any CPU.Build.0 = Release|Any CPU
		{9F524C06-1869-4B23-8D25-2E8BFD3D6DFE}.Debug|Any CPU.ActiveCfg = Debug|Any CPU
		{9F524C06-1869-4B23-8D25-2E8BFD3D6DFE}.Debug|Any CPU.Build.0 = Debug|Any CPU
		{9F524C06-1869-4B23-8D25-2E8BFD3D6DFE}.Release|Any CPU.ActiveCfg = Release|Any CPU
		{9F524C06-1869-4B23-8D25-2E8BFD3D6DFE}.Release|Any CPU.Build.0 = Release|Any CPU
		{4B71894E-0204-4A37-830B-7CA2F89B7DED}.Debug|Any CPU.ActiveCfg = Debug|Any CPU
		{4B71894E-0204-4A37-830B-7CA2F89B7DED}.Debug|Any CPU.Build.0 = Debug|Any CPU
		{4B71894E-0204-4A37-830B-7CA2F89B7DED}.Release|Any CPU.ActiveCfg = Release|Any CPU
		{4B71894E-0204-4A37-830B-7CA2F89B7DED}.Release|Any CPU.Build.0 = Release|Any CPU
		{8AAAB36A-431E-40E5-9FF2-A43207A14F45}.Debug|Any CPU.ActiveCfg = Debug|Any CPU
		{8AAAB36A-431E-40E5-9FF2-A43207A14F45}.Debug|Any CPU.Build.0 = Debug|Any CPU
		{8AAAB36A-431E-40E5-9FF2-A43207A14F45}.Release|Any CPU.ActiveCfg = Release|Any CPU
		{8AAAB36A-431E-40E5-9FF2-A43207A14F45}.Release|Any CPU.Build.0 = Release|Any CPU
	EndGlobalSection
	GlobalSection(SolutionProperties) = preSolution
		HideSolutionNode = FALSE
	EndGlobalSection
	GlobalSection(ExtensibilityGlobals) = postSolution
		SolutionGuid = {2A2558C2-3EFE-4A1F-A328-AF5647E7B6A4}
	EndGlobalSection
EndGlobal
