
Microsoft Visual Studio Solution File, Format Version 12.00
# Visual Studio 15
VisualStudioVersion = 15.0.26730.16
MinimumVisualStudioVersion = 10.0.40219.1
Project("{FAE04EC0-301F-11D3-BF4B-00C04F79EFBC}") = "mook_Hello", "mook_Hello\mook_Hello.csproj", "{FBD9BD3B-ECA0-490D-8365-730D08516F6D}"
EndProject
Global
	GlobalSection(SolutionConfigurationPlatforms) = preSolution
		Debug|Any CPU = Debug|Any CPU
		Release|Any CPU = Release|Any CPU
	EndGlobalSection
	GlobalSection(ProjectConfigurationPlatforms) = postSolution
		{FBD9BD3B-ECA0-490D-8365-730D08516F6D}.Debug|Any CPU.ActiveCfg = Debug|Any CPU
		{FBD9BD3B-ECA0-490D-8365-730D08516F6D}.Debug|Any CPU.Build.0 = Debug|Any CPU
		{FBD9BD3B-ECA0-490D-8365-730D08516F6D}.Release|Any CPU.ActiveCfg = Release|Any CPU
		{FBD9BD3B-ECA0-490D-8365-730D08516F6D}.Release|Any CPU.Build.0 = Release|Any CPU
	EndGlobalSection
	GlobalSection(SolutionProperties) = preSolution
		HideSolutionNode = FALSE
	EndGlobalSection
	GlobalSection(ExtensibilityGlobals) = postSolution
		SolutionGuid = {55672228-B372-45E7-BDF2-DDB98D27DEE5}
	EndGlobalSection
EndGlobal
